{
    "_readme": [
        "This file locks the dependencies of your project to a known state",
        "Read more about it at https://getcomposer.org/doc/01-basic-usage.md#installing-dependencies",
        "This file is @generated automatically"
    ],
    "content-hash": "88a137530281fa7e1efab7d718f103e6",
    "packages": [
        {
            "name": "lyquidity/utilities",
            "version": "dev-master",
            "source": {
                "type": "git",
                "url": "https://github.com/bseddon/utilities.git",
                "reference": "8f5e24f8603542e6bb22311b7d8a850db372f0a6"
            },
            "dist": {
                "type": "zip",
                "url": "https://api.github.com/repos/bseddon/utilities/zipball/8f5e24f8603542e6bb22311b7d8a850db372f0a6",
                "reference": "8f5e24f8603542e6bb22311b7d8a850db372f0a6",
                "shasum": ""
            },
            "require": {
                "ext-hash": "*",
                "ext-json": "*",
                "ext-libxml": "*",
                "ext-simplexml": "*",
                "ext-xml": "*",
                "lib-libxml": "*",
                "lyquidity/xml": "dev-master",
                "php": ">7.0"
            },
            "type": "library",
            "autoload": {
                "files": [
                    "./tuple-dictionary.php",
                    "./SimpleXMLElementToArray.php"
                ]
            },
            "notification-url": "https://packagist.org/downloads/",
            "license": [
                "GPL-3.0-only"
            ],
            "authors": [
                {
                    "name": "Bill Seddon",
                    "homepage": "https://github.com/bseddon"
                }
            ],
            "description": "Utility classes to provide a tuple dictionary and to convert a simple XML class to an array",
            "homepage": "https://github.com/bseddon/utilities",
            "keywords": [
                "SimpleXML",
                "lyquidity",
                "tuple"
            ],
            "support": {
                "issues": "https://github.com/bseddon/utilities/issues",
                "source": "https://github.com/bseddon/utilities/tree/develop"
            },
            "time": "2021-11-29T14:53:17+00:00"
        },
        {
            "name": "lyquidity/xbrl",
            "version": "dev-master",
            "source": {
                "type": "git",
                "url": "https://github.com/bseddon/XBRL.git",
                "reference": "85ed959439b510d131cab7b157de1c5278efb7fe"
            },
            "dist": {
                "type": "zip",
                "url": "https://api.github.com/repos/bseddon/XBRL/zipball/85ed959439b510d131cab7b157de1c5278efb7fe",
                "reference": "85ed959439b510d131cab7b157de1c5278efb7fe",
                "shasum": ""
            },
            "require": {
                "ext-hash": "*",
                "ext-json": "*",
                "ext-libxml": "*",
                "ext-simplexml": "*",
                "ext-xml": "*",
                "lib-libxml": "*",
                "lyquidity/utilities": "dev-master",
                "lyquidity/xml": "dev-master",
                "lyquidity/xpath2": "dev-master",
                "pear/log": ">1.13",
                "php": ">=7.0"
            },
            "type": "library",
            "autoload": {
                "files": [
                    "./XBRL.php"
                ]
            },
            "notification-url": "https://packagist.org/downloads/",
            "license": [
                "GPL-3.0-only"
            ],
            "authors": [
                {
                    "name": "Bill Seddon",
                    "homepage": "https://github.com/bseddon"
                }
            ],
            "description": "Classes that implement the XBRL 2.1, XDT, Formulas, Generics and XFI specifications",
            "homepage": "https://github.com/lyquidity/XBRL",
            "keywords": [
                "dimensions",
                "formulas",
                "lyquidity",
                "xbrl"
            ],
            "support": {
                "issues": "https://github.com/bseddon/XBRL/issues",
                "source": "https://github.com/bseddon/XBRL/tree/develop"
            },
            "time": "2021-12-03T23:29:42+00:00"
        },
        {
            "name": "lyquidity/xml",
            "version": "dev-master",
            "source": {
                "type": "git",
                "url": "https://github.com/bseddon/xml.git",
                "reference": "7a9c2574b71f83b14df5ec88b1711ff183a3ee16"
            },
            "dist": {
                "type": "zip",
                "url": "https://api.github.com/repos/bseddon/xml/zipball/7a9c2574b71f83b14df5ec88b1711ff183a3ee16",
                "reference": "7a9c2574b71f83b14df5ec88b1711ff183a3ee16",
                "shasum": ""
            },
            "require": {
                "ext-date": "*",
                "ext-dom": "*",
                "ext-hash": "*",
                "ext-intl": "*",
                "ext-libxml": "*",
                "ext-mbstring": "*",
                "ext-pcre": "*",
                "ext-simplexml": "*",
                "ext-spl": "*",
                "ext-xml": "*",
                "lib-iconv": "*",
                "lib-icu": "*",
                "lib-libxml": "*",
                "lib-pcre": "*",
                "pear/log": ">1.13",
                "php": ">7.0"
            },
            "default-branch": true,
            "type": "library",
            "autoload": {
                "files": [
                    "./bootstrap.php"
                ]
            },
            "notification-url": "https://packagist.org/downloads/",
            "license": [
                "GPL-3.0-only"
            ],
            "authors": [
                {
                    "name": "Bill Seddon",
                    "homepage": "https://github.com/orgs/lyquidity/people/bseddon"
                }
            ],
            "description": "Reads XML Schema documents (.xsd) files and extracts type information for PHP",
            "homepage": "https://github.com/bseddon/xml",
            "keywords": [
                "lyquidity",
                "schema",
                "xml"
            ],
            "support": {
                "issues": "https://github.com/bseddon/xml/issues",
                "source": "https://github.com/bseddon/xml/tree/develop"
            },
            "time": "2021-11-29T14:48:04+00:00"
        },
        {
            "name": "lyquidity/xpath2",
            "version": "dev-master",
            "source": {
                "type": "git",
                "url": "https://github.com/bseddon/XPath20.git",
                "reference": "b00ae2c39ad563fd05a1b110e9b7700c6680d154"
            },
            "dist": {
                "type": "zip",
                "url": "https://api.github.com/repos/bseddon/XPath20/zipball/b00ae2c39ad563fd05a1b110e9b7700c6680d154",
                "reference": "b00ae2c39ad563fd05a1b110e9b7700c6680d154",
                "shasum": ""
            },
            "require": {
                "ext-bcmath": "*",
                "ext-calendar": "*",
                "ext-date": "*",
                "ext-dom": "*",
                "ext-hash": "*",
                "ext-iconv": "*",
                "ext-intl": "*",
                "ext-json": "*",
                "ext-libxml": "*",
                "ext-mbstring": "*",
                "ext-pcre": "*",
                "ext-simplexml": "*",
                "ext-spl": "*",
                "ext-xml": "*",
                "lib-iconv": "*",
                "lib-icu": "*",
                "lib-libxml": "*",
                "lib-pcre": "*",
                "lyquidity/xml": "dev-master",
                "pear/log": ">1.13",
                "php": "^7.0"
            },
            "type": "library",
            "autoload": {
                "psr-4": {
                    "lyquidity\\XPath2\\": "./"
                }
            },
            "notification-url": "https://packagist.org/downloads/",
            "license": [
                "GPL-3.0-only"
            ],
            "authors": [
                {
                    "name": "Bill Seddon",
                    "homepage": "https://github.com/bseddon"
                }
            ],
            "description": "Provides XPath 2.0 statement execution library for PHP",
            "homepage": "https://github.com/bseddon/XPath20",
            "keywords": [
                "XPath 2.0",
                "lyquidity",
                "xml"
            ],
            "support": {
                "issues": "https://github.com/bseddon/XPath20/issues",
                "source": "https://github.com/bseddon/XPath20/tree/develop"
            },
            "time": "2021-05-04T18:03:10+00:00"
        },
        {
            "name": "pear/log",
            "version": "1.13.3",
            "source": {
                "type": "git",
                "url": "https://github.com/pear/Log.git",
                "reference": "21af0be11669194d72d88b5ee9d5f176dc75d9a3"
            },
            "dist": {
                "type": "zip",
                "url": "https://api.github.com/repos/pear/Log/zipball/21af0be11669194d72d88b5ee9d5f176dc75d9a3",
                "reference": "21af0be11669194d72d88b5ee9d5f176dc75d9a3",
                "shasum": ""
            },
            "require": {
                "pear/pear_exception": "1.0.1 || 1.0.2",
                "php": ">5.2"
            },
            "require-dev": {
                "phpunit/phpunit": "*"
            },
            "suggest": {
                "pear/db": "Install optionally via your project's composer.json"
            },
            "type": "library",
            "autoload": {
                "psr-0": {
                    "Log": "./"
                },
                "exclude-from-classmap": [
                    "/examples/"
                ]
            },
            "notification-url": "https://packagist.org/downloads/",
            "include-path": [
                ""
            ],
            "license": [
                "MIT"
            ],
            "authors": [
                {
                    "name": "Jon Parise",
                    "email": "jon@php.net",
                    "homepage": "http://www.indelible.org",
                    "role": "Developer"
                }
            ],
            "description": "PEAR Logging Framework",
            "homepage": "http://pear.github.io/Log/",
            "keywords": [
                "log",
                "logging"
            ],
            "support": {
                "issues": "https://github.com/pear/Log/issues",
                "source": "https://github.com/pear/Log"
            },
            "time": "2021-05-04T23:51:30+00:00"
        },
        {
            "name": "pear/pear_exception",
            "version": "v1.0.2",
            "source": {
                "type": "git",
                "url": "https://github.com/pear/PEAR_Exception.git",
                "reference": "b14fbe2ddb0b9f94f5b24cf08783d599f776fff0"
            },
            "dist": {
                "type": "zip",
                "url": "https://api.github.com/repos/pear/PEAR_Exception/zipball/b14fbe2ddb0b9f94f5b24cf08783d599f776fff0",
                "reference": "b14fbe2ddb0b9f94f5b24cf08783d599f776fff0",
                "shasum": ""
            },
            "require": {
                "php": ">=5.2.0"
            },
            "require-dev": {
                "phpunit/phpunit": "<9"
            },
            "type": "class",
            "extra": {
                "branch-alias": {
                    "dev-master": "1.0.x-dev"
                }
            },
            "autoload": {
                "classmap": [
                    "PEAR/"
                ]
            },
            "notification-url": "https://packagist.org/downloads/",
            "include-path": [
                "."
            ],
            "license": [
                "BSD-2-Clause"
            ],
            "authors": [
                {
                    "name": "Helgi Thormar",
                    "email": "dufuz@php.net"
                },
                {
                    "name": "Greg Beaver",
                    "email": "cellog@php.net"
                }
            ],
            "description": "The PEAR Exception base class.",
            "homepage": "https://github.com/pear/PEAR_Exception",
            "keywords": [
                "exception"
            ],
            "support": {
                "issues": "http://pear.php.net/bugs/search.php?cmd=display&package_name[]=PEAR_Exception",
                "source": "https://github.com/pear/PEAR_Exception"
            },
            "time": "2021-03-21T15:43:46+00:00"
        }
    ],
    "packages-dev": [],
    "aliases": [],
    "minimum-stability": "stable",
    "stability-flags": {
        "lyquidity/xbrl": 20,
        "lyquidity/xpath2": 20,
        "lyquidity/utilities": 20,
        "lyquidity/xml": 20
    },
    "prefer-stable": false,
    "prefer-lowest": false,
    "platform": [],
    "platform-dev": [],
    "plugin-api-version": "2.3.0"
}
